
Microsoft Visual Studio Solution File, Format Version 12.00
# Visual Studio Version 16
VisualStudioVersion = 16.0.32106.194
MinimumVisualStudioVersion = 10.0.40219.1
Project("{9A19103F-16F7-4668-BE54-9A1E7A4F7556}") = "MovieLibraryAssignment", "MovieLibraryAssignment\MovieLibraryAssignment.csproj", "{1C94A89D-56BF-496A-A52F-DC96779D0264}"
EndProject
Project("{9A19103F-16F7-4668-BE54-9A1E7A4F7556}") = "MovieLibraryAssignmnet.Tests", "..\..\MovieLibraryAssignmnet.Unit.Tests\MovieLibraryAssignmnet.Tests.csproj", "{ED567181-1B03-49ED-85B6-AEDB3A88328F}"
EndProject
Global
	GlobalSection(SolutionConfigurationPlatforms) = preSolution
		Debug|Any CPU = Debug|Any CPU
		Release|Any CPU = Release|Any CPU
	EndGlobalSection
	GlobalSection(ProjectConfigurationPlatforms) = postSolution
		{1C94A89D-56BF-496A-A52F-DC96779D0264}.Debug|Any CPU.ActiveCfg = Debug|Any CPU
		{1C94A89D-56BF-496A-A52F-DC96779D0264}.Debug|Any CPU.Build.0 = Debug|Any CPU
		{1C94A89D-56BF-496A-A52F-DC96779D0264}.Release|Any CPU.ActiveCfg = Release|Any CPU
		{1C94A89D-56BF-496A-A52F-DC96779D0264}.Release|Any CPU.Build.0 = Release|Any CPU
		{ED567181-1B03-49ED-85B6-AEDB3A88328F}.Debug|Any CPU.ActiveCfg = Debug|Any CPU
		{ED567181-1B03-49ED-85B6-AEDB3A88328F}.Debug|Any CPU.Build.0 = Debug|Any CPU
		{ED567181-1B03-49ED-85B6-AEDB3A88328F}.Release|Any CPU.ActiveCfg = Release|Any CPU
		{ED567181-1B03-49ED-85B6-AEDB3A88328F}.Release|Any CPU.Build.0 = Release|Any CPU
	EndGlobalSection
	GlobalSection(SolutionProperties) = preSolution
		HideSolutionNode = FALSE
	EndGlobalSection
	GlobalSection(ExtensibilityGlobals) = postSolution
		SolutionGuid = {FA9AEEC5-4F3B-4C2D-9DFA-474F4A8B30C8}
	EndGlobalSection
EndGlobal
